// !$*UTF8*$!
{
	archiveVersion = 1;
	classes = {
	};
	objectVersion = 46;
	objects = {

/* Begin PBXBuildFile section */
		DA071AD21E95CEF300295AEC /* 自定义tabBar并modal出半透明的控制器的view.gif in Resources */ = {isa = PBXBuildFile; fileRef = DA071AD11E95CEF300295AEC /* 自定义tabBar并modal出半透明的控制器的view.gif */; };
		DAE11F1B1E811569002BDEF9 /* main.m in Sources */ = {isa = PBXBuildFile; fileRef = DAE11F1A1E811569002BDEF9 /* main.m */; };
		DAE11F1E1E811569002BDEF9 /* AppDelegate.m in Sources */ = {isa = PBXBuildFile; fileRef = DAE11F1D1E811569002BDEF9 /* AppDelegate.m */; };
		DAE11F211E81156A002BDEF9 /* MyTabBarViewController.m in Sources */ = {isa = PBXBuildFile; fileRef = DAE11F201E81156A002BDEF9 /* MyTabBarViewController.m */; };
		DAE11F291E81156A002BDEF9 /* LaunchScreen.storyboard in Resources */ = {isa = PBXBuildFile; fileRef = DAE11F271E81156A002BDEF9 /* LaunchScreen.storyboard */; };
		DAE11F341E81156A002BDEF9 /* WHCTabBarControllerTests.m in Sources */ = {isa = PBXBuildFile; fileRef = DAE11F331E81156A002BDEF9 /* WHCTabBarControllerTests.m */; };
		DAE11F3F1E81156A002BDEF9 /* WHCTabBarControllerUITests.m in Sources */ = {isa = PBXBuildFile; fileRef = DAE11F3E1E81156A002BDEF9 /* WHCTabBarControllerUITests.m */; };
		DAE11F4F1E8115DE002BDEF9 /* HomeViewController.m in Sources */ = {isa = PBXBuildFile; fileRef = DAE11F4D1E8115DE002BDEF9 /* HomeViewController.m */; };
		DAE11F501E8115DE002BDEF9 /* HomeViewController.xib in Resources */ = {isa = PBXBuildFile; fileRef = DAE11F4E1E8115DE002BDEF9 /* HomeViewController.xib */; };
		DAE11F541E8115F6002BDEF9 /* LiveViewController.m in Sources */ = {isa = PBXBuildFile; fileRef = DAE11F521E8115F6002BDEF9 /* LiveViewController.m */; };
		DAE11F551E8115F6002BDEF9 /* LiveViewController.xib in Resources */ = {isa = PBXBuildFile; fileRef = DAE11F531E8115F6002BDEF9 /* LiveViewController.xib */; };
		DAE11F591E811613002BDEF9 /* MYCenterViewController.m in Sources */ = {isa = PBXBuildFile; fileRef = DAE11F571E811613002BDEF9 /* MYCenterViewController.m */; };
		DAE11F5A1E811613002BDEF9 /* MYCenterViewController.xib in Resources */ = {isa = PBXBuildFile; fileRef = DAE11F581E811613002BDEF9 /* MYCenterViewController.xib */; };
		DAE11F5D1E81165D002BDEF9 /* myCenter.png in Resources */ = {isa = PBXBuildFile; fileRef = DAE11F5B1E81165D002BDEF9 /* myCenter.png */; };
		DAE11F5E1E81165D002BDEF9 /* home.png in Resources */ = {isa = PBXBuildFile; fileRef = DAE11F5C1E81165D002BDEF9 /* home.png */; };
		DAE11F601E811695002BDEF9 /* Images.xcassets in Resources */ = {isa = PBXBuildFile; fileRef = DAE11F5F1E811695002BDEF9 /* Images.xcassets */; };
		DAE11F631E8119C4002BDEF9 /* CALayer+ButtonBorder.m in Sources */ = {isa = PBXBuildFile; fileRef = DAE11F621E8119C4002BDEF9 /* CALayer+ButtonBorder.m */; };
		DAE11F671E811A3D002BDEF9 /* CustomTabBar.m in Sources */ = {isa = PBXBuildFile; fileRef = DAE11F661E811A3D002BDEF9 /* CustomTabBar.m */; };
		DAE11F6A1E811AB4002BDEF9 /* CustomTabBarItemButton.m in Sources */ = {isa = PBXBuildFile; fileRef = DAE11F691E811AB4002BDEF9 /* CustomTabBarItemButton.m */; };
/* End PBXBuildFile section */

/* Begin PBXContainerItemProxy section */
		DAE11F301E81156A002BDEF9 /* PBXContainerItemProxy */ = {
			isa = PBXContainerItemProxy;
			containerPortal = DAE11F0E1E811569002BDEF9 /* Project object */;
			proxyType = 1;
			remoteGlobalIDString = DAE11F151E811569002BDEF9;
			remoteInfo = WHCTabBarController;
		};
		DAE11F3B1E81156A002BDEF9 /* PBXContainerItemProxy */ = {
			isa = PBXContainerItemProxy;
			containerPortal = DAE11F0E1E811569002BDEF9 /* Project object */;
			proxyType = 1;
			remoteGlobalIDString = DAE11F151E811569002BDEF9;
			remoteInfo = WHCTabBarController;
		};
/* End PBXContainerItemProxy section */

/* Begin PBXFileReference section */
		DA071AD11E95CEF300295AEC /* 自定义tabBar并modal出半透明的控制器的view.gif */ = {isa = PBXFileReference; lastKnownFileType = image.gif; path = "自定义tabBar并modal出半透明的控制器的view.gif"; sourceTree = "<group>"; };
		DAE11F161E811569002BDEF9 /* WHCTabBarController.app */ = {isa = PBXFileReference; explicitFileType = wrapper.application; includeInIndex = 0; path = WHCTabBarController.app; sourceTree = BUILT_PRODUCTS_DIR; };
		DAE11F1A1E811569002BDEF9 /* main.m */ = {isa = PBXFileReference; lastKnownFileType = sourcecode.c.objc; path = main.m; sourceTree = "<group>"; };
		DAE11F1C1E811569002BDEF9 /* AppDelegate.h */ = {isa = PBXFileReference; lastKnownFileType = sourcecode.c.h; path = AppDelegate.h; sourceTree = "<group>"; };
		DAE11F1D1E811569002BDEF9 /* AppDelegate.m */ = {isa = PBXFileReference; lastKnownFileType = sourcecode.c.objc; path = AppDelegate.m; sourceTree = "<group>"; };
		DAE11F1F1E811569002BDEF9 /* MyTabBarViewController.h */ = {isa = PBXFileReference; lastKnownFileType = sourcecode.c.h; path = MyTabBarViewController.h; sourceTree = "<group>"; };
		DAE11F201E81156A002BDEF9 /* MyTabBarViewController.m */ = {isa = PBXFileReference; lastKnownFileType = sourcecode.c.objc; path = MyTabBarViewController.m; sourceTree = "<group>"; };
		DAE11F281E81156A002BDEF9 /* Base */ = {isa = PBXFileReference; lastKnownFileType = file.storyboard; name = Base; path = Base.lproj/LaunchScreen.storyboard; sourceTree = "<group>"; };
		DAE11F2A1E81156A002BDEF9 /* Info.plist */ = {isa = PBXFileReference; lastKnownFileType = text.plist.xml; path = Info.plist; sourceTree = "<group>"; };
		DAE11F2F1E81156A002BDEF9 /* WHCTabBarControllerTests.xctest */ = {isa = PBXFileReference; explicitFileType = wrapper.cfbundle; includeInIndex = 0; path = WHCTabBarControllerTests.xctest; sourceTree = BUILT_PRODUCTS_DIR; };
		DAE11F331E81156A002BDEF9 /* WHCTabBarControllerTests.m */ = {isa = PBXFileReference; lastKnownFileType = sourcecode.c.objc; path = WHCTabBarControllerTests.m; sourceTree = "<group>"; };
		DAE11F351E81156A002BDEF9 /* Info.plist */ = {isa = PBXFileReference; lastKnownFileType = text.plist.xml; path = Info.plist; sourceTree = "<group>"; };
		DAE11F3A1E81156A002BDEF9 /* WHCTabBarControllerUITests.xctest */ = {isa = PBXFileReference; explicitFileType = wrapper.cfbundle; includeInIndex = 0; path = WHCTabBarControllerUITests.xctest; sourceTree = BUILT_PRODUCTS_DIR; };
		DAE11F3E1E81156A002BDEF9 /* WHCTabBarControllerUITests.m */ = {isa = PBXFileReference; lastKnownFileType = sourcecode.c.objc; path = WHCTabBarControllerUITests.m; sourceTree = "<group>"; };
		DAE11F401E81156A002BDEF9 /* Info.plist */ = {isa = PBXFileReference; lastKnownFileType = text.plist.xml; path = Info.plist; sourceTree = "<group>"; };
		DAE11F4C1E8115DE002BDEF9 /* HomeViewController.h */ = {isa = PBXFileReference; fileEncoding = 4; lastKnownFileType = sourcecode.c.h; path = HomeViewController.h; sourceTree = "<group>"; };
		DAE11F4D1E8115DE002BDEF9 /* HomeViewController.m */ = {isa = PBXFileReference; fileEncoding = 4; lastKnownFileType = sourcecode.c.objc; path = HomeViewController.m; sourceTree = "<group>"; };
		DAE11F4E1E8115DE002BDEF9 /* HomeViewController.xib */ = {isa = PBXFileReference; fileEncoding = 4; lastKnownFileType = file.xib; path = HomeViewController.xib; sourceTree = "<group>"; };
		DAE11F511E8115F6002BDEF9 /* LiveViewController.h */ = {isa = PBXFileReference; fileEncoding = 4; lastKnownFileType = sourcecode.c.h; path = LiveViewController.h; sourceTree = "<group>"; };
		DAE11F521E8115F6002BDEF9 /* LiveViewController.m */ = {isa = PBXFileReference; fileEncoding = 4; lastKnownFileType = sourcecode.c.objc; path = LiveViewController.m; sourceTree = "<group>"; };
		DAE11F531E8115F6002BDEF9 /* LiveViewController.xib */ = {isa = PBXFileReference; fileEncoding = 4; lastKnownFileType = file.xib; path = LiveViewController.xib; sourceTree = "<group>"; };
		DAE11F561E811613002BDEF9 /* MYCenterViewController.h */ = {isa = PBXFileReference; fileEncoding = 4; lastKnownFileType = sourcecode.c.h; path = MYCenterViewController.h; sourceTree = "<group>"; };
		DAE11F571E811613002BDEF9 /* MYCenterViewController.m */ = {isa = PBXFileReference; fileEncoding = 4; lastKnownFileType = sourcecode.c.objc; path = MYCenterViewController.m; sourceTree = "<group>"; };
		DAE11F581E811613002BDEF9 /* MYCenterViewController.xib */ = {isa = PBXFileReference; fileEncoding = 4; lastKnownFileType = file.xib; path = MYCenterViewController.xib; sourceTree = "<group>"; };
		DAE11F5B1E81165D002BDEF9 /* myCenter.png */ = {isa = PBXFileReference; lastKnownFileType = image.png; path = myCenter.png; sourceTree = "<group>"; };
		DAE11F5C1E81165D002BDEF9 /* home.png */ = {isa = PBXFileReference; lastKnownFileType = image.png; path = home.png; sourceTree = "<group>"; };
		DAE11F5F1E811695002BDEF9 /* Images.xcassets */ = {isa = PBXFileReference; lastKnownFileType = folder.assetcatalog; path = Images.xcassets; sourceTree = "<group>"; };
		DAE11F611E8119C4002BDEF9 /* CALayer+ButtonBorder.h */ = {isa = PBXFileReference; fileEncoding = 4; lastKnownFileType = sourcecode.c.h; path = "CALayer+ButtonBorder.h"; sourceTree = "<group>"; };
		DAE11F621E8119C4002BDEF9 /* CALayer+ButtonBorder.m */ = {isa = PBXFileReference; fileEncoding = 4; lastKnownFileType = sourcecode.c.objc; path = "CALayer+ButtonBorder.m"; sourceTree = "<group>"; };
		DAE11F651E811A3D002BDEF9 /* CustomTabBar.h */ = {isa = PBXFileReference; fileEncoding = 4; lastKnownFileType = sourcecode.c.h; path = CustomTabBar.h; sourceTree = "<group>"; };
		DAE11F661E811A3D002BDEF9 /* CustomTabBar.m */ = {isa = PBXFileReference; fileEncoding = 4; lastKnownFileType = sourcecode.c.objc; path = CustomTabBar.m; sourceTree = "<group>"; };
		DAE11F681E811AB4002BDEF9 /* CustomTabBarItemButton.h */ = {isa = PBXFileReference; fileEncoding = 4; lastKnownFileType = sourcecode.c.h; path = CustomTabBarItemButton.h; sourceTree = "<group>"; };
		DAE11F691E811AB4002BDEF9 /* CustomTabBarItemButton.m */ = {isa = PBXFileReference; fileEncoding = 4; lastKnownFileType = sourcecode.c.objc; path = CustomTabBarItemButton.m; sourceTree = "<group>"; };
/* End PBXFileReference section */

/* Begin PBXFrameworksBuildPhase section */
		DAE11F131E811569002BDEF9 /* Frameworks */ = {
			isa = PBXFrameworksBuildPhase;
			buildActionMask = 2147483647;
			files = (
			);
			runOnlyForDeploymentPostprocessing = 0;
		};
		DAE11F2C1E81156A002BDEF9 /* Frameworks */ = {
			isa = PBXFrameworksBuildPhase;
			buildActionMask = 2147483647;
			files = (
			);
			runOnlyForDeploymentPostprocessing = 0;
		};
		DAE11F371E81156A002BDEF9 /* Frameworks */ = {
			isa = PBXFrameworksBuildPhase;
			buildActionMask = 2147483647;
			files = (
			);
			runOnlyForDeploymentPostprocessing = 0;
		};
/* End PBXFrameworksBuildPhase section */

/* Begin PBXGroup section */
		DAE11F0D1E811569002BDEF9 = {
			isa = PBXGroup;
			children = (
				DAE11F181E811569002BDEF9 /* WHCTabBarController */,
				DAE11F321E81156A002BDEF9 /* WHCTabBarControllerTests */,
				DAE11F3D1E81156A002BDEF9 /* WHCTabBarControllerUITests */,
				DAE11F171E811569002BDEF9 /* Products */,
			);
			sourceTree = "<group>";
		};
		DAE11F171E811569002BDEF9 /* Products */ = {
			isa = PBXGroup;
			children = (
				DAE11F161E811569002BDEF9 /* WHCTabBarController.app */,
				DAE11F2F1E81156A002BDEF9 /* WHCTabBarControllerTests.xctest */,
				DAE11F3A1E81156A002BDEF9 /* WHCTabBarControllerUITests.xctest */,
			);
			name = Products;
			sourceTree = "<group>";
		};
		DAE11F181E811569002BDEF9 /* WHCTabBarController */ = {
			isa = PBXGroup;
			children = (
				DAE11F641E8119FD002BDEF9 /* customTabBar */,
				DAE11F611E8119C4002BDEF9 /* CALayer+ButtonBorder.h */,
				DAE11F621E8119C4002BDEF9 /* CALayer+ButtonBorder.m */,
				DAE11F1C1E811569002BDEF9 /* AppDelegate.h */,
				DAE11F1D1E811569002BDEF9 /* AppDelegate.m */,
				DAE11F1F1E811569002BDEF9 /* MyTabBarViewController.h */,
				DAE11F201E81156A002BDEF9 /* MyTabBarViewController.m */,
				DAE11F4C1E8115DE002BDEF9 /* HomeViewController.h */,
				DAE11F4D1E8115DE002BDEF9 /* HomeViewController.m */,
				DAE11F4E1E8115DE002BDEF9 /* HomeViewController.xib */,
				DAE11F511E8115F6002BDEF9 /* LiveViewController.h */,
				DAE11F521E8115F6002BDEF9 /* LiveViewController.m */,
				DAE11F531E8115F6002BDEF9 /* LiveViewController.xib */,
				DAE11F561E811613002BDEF9 /* MYCenterViewController.h */,
				DAE11F571E811613002BDEF9 /* MYCenterViewController.m */,
				DAE11F581E811613002BDEF9 /* MYCenterViewController.xib */,
				DAE11F271E81156A002BDEF9 /* LaunchScreen.storyboard */,
				DAE11F2A1E81156A002BDEF9 /* Info.plist */,
				DAE11F5F1E811695002BDEF9 /* Images.xcassets */,
				DAE11F191E811569002BDEF9 /* Supporting Files */,
			);
			path = WHCTabBarController;
			sourceTree = "<group>";
		};
		DAE11F191E811569002BDEF9 /* Supporting Files */ = {
			isa = PBXGroup;
			children = (
				DA071AD11E95CEF300295AEC /* 自定义tabBar并modal出半透明的控制器的view.gif */,
				DAE11F5B1E81165D002BDEF9 /* myCenter.png */,
				DAE11F5C1E81165D002BDEF9 /* home.png */,
				DAE11F1A1E811569002BDEF9 /* main.m */,
			);
			name = "Supporting Files";
			sourceTree = "<group>";
		};
		DAE11F321E81156A002BDEF9 /* WHCTabBarControllerTests */ = {
			isa = PBXGroup;
			children = (
				DAE11F331E81156A002BDEF9 /* WHCTabBarControllerTests.m */,
				DAE11F351E81156A002BDEF9 /* Info.plist */,
			);
			path = WHCTabBarControllerTests;
			sourceTree = "<group>";
		};
		DAE11F3D1E81156A002BDEF9 /* WHCTabBarControllerUITests */ = {
			isa = PBXGroup;
			children = (
				DAE11F3E1E81156A002BDEF9 /* WHCTabBarControllerUITests.m */,
				DAE11F401E81156A002BDEF9 /* Info.plist */,
			);
			path = WHCTabBarControllerUITests;
			sourceTree = "<group>";
		};
		DAE11F641E8119FD002BDEF9 /* customTabBar */ = {
			isa = PBXGroup;
			children = (
				DAE11F651E811A3D002BDEF9 /* CustomTabBar.h */,
				DAE11F661E811A3D002BDEF9 /* CustomTabBar.m */,
				DAE11F681E811AB4002BDEF9 /* CustomTabBarItemButton.h */,
				DAE11F691E811AB4002BDEF9 /* CustomTabBarItemButton.m */,
			);
			path = customTabBar;
			sourceTree = "<group>";
		};
/* End PBXGroup section */

/* Begin PBXNativeTarget section */
		DAE11F151E811569002BDEF9 /* WHCTabBarController */ = {
			isa = PBXNativeTarget;
			buildConfigurationList = DAE11F431E81156A002BDEF9 /* Build configuration list for PBXNativeTarget "WHCTabBarController" */;
			buildPhases = (
				DAE11F121E811569002BDEF9 /* Sources */,
				DAE11F131E811569002BDEF9 /* Frameworks */,
				DAE11F141E811569002BDEF9 /* Resources */,
			);
			buildRules = (
			);
			dependencies = (
			);
			name = WHCTabBarController;
			productName = WHCTabBarController;
			productReference = DAE11F161E811569002BDEF9 /* WHCTabBarController.app */;
			productType = "com.apple.product-type.application";
		};
		DAE11F2E1E81156A002BDEF9 /* WHCTabBarControllerTests */ = {
			isa = PBXNativeTarget;
			buildConfigurationList = DAE11F461E81156A002BDEF9 /* Build configuration list for PBXNativeTarget "WHCTabBarControllerTests" */;
			buildPhases = (
				DAE11F2B1E81156A002BDEF9 /* Sources */,
				DAE11F2C1E81156A002BDEF9 /* Frameworks */,
				DAE11F2D1E81156A002BDEF9 /* Resources */,
			);
			buildRules = (
			);
			dependencies = (
				DAE11F311E81156A002BDEF9 /* PBXTargetDependency */,
			);
			name = WHCTabBarControllerTests;
			productName = WHCTabBarControllerTests;
			productReference = DAE11F2F1E81156A002BDEF9 /* WHCTabBarControllerTests.xctest */;
			productType = "com.apple.product-type.bundle.unit-test";
		};
		DAE11F391E81156A002BDEF9 /* WHCTabBarControllerUITests */ = {
			isa = PBXNativeTarget;
			buildConfigurationList = DAE11F491E81156A002BDEF9 /* Build configuration list for PBXNativeTarget "WHCTabBarControllerUITests" */;
			buildPhases = (
				DAE11F361E81156A002BDEF9 /* Sources */,
				DAE11F371E81156A002BDEF9 /* Frameworks */,
				DAE11F381E81156A002BDEF9 /* Resources */,
			);
			buildRules = (
			);
			dependencies = (
				DAE11F3C1E81156A002BDEF9 /* PBXTargetDependency */,
			);
			name = WHCTabBarControllerUITests;
			productName = WHCTabBarControllerUITests;
			productReference = DAE11F3A1E81156A002BDEF9 /* WHCTabBarControllerUITests.xctest */;
			productType = "com.apple.product-type.bundle.ui-testing";
		};
/* End PBXNativeTarget section */

/* Begin PBXProject section */
		DAE11F0E1E811569002BDEF9 /* Project object */ = {
			isa = PBXProject;
			attributes = {
				LastUpgradeCheck = 0820;
				ORGANIZATIONNAME = PicVision;
				TargetAttributes = {
					DAE11F151E811569002BDEF9 = {
						CreatedOnToolsVersion = 8.2.1;
						DevelopmentTeam = 6365DA2KWN;
						ProvisioningStyle = Automatic;
					};
					DAE11F2E1E81156A002BDEF9 = {
						CreatedOnToolsVersion = 8.2.1;
						DevelopmentTeam = 6365DA2KWN;
						ProvisioningStyle = Automatic;
						TestTargetID = DAE11F151E811569002BDEF9;
					};
					DAE11F391E81156A002BDEF9 = {
						CreatedOnToolsVersion = 8.2.1;
						DevelopmentTeam = 6365DA2KWN;
						ProvisioningStyle = Automatic;
						TestTargetID = DAE11F151E811569002BDEF9;
					};
				};
			};
			buildConfigurationList = DAE11F111E811569002BDEF9 /* Build configuration list for PBXProject "WHCTabBarController" */;
			compatibilityVersion = "Xcode 3.2";
			developmentRegion = English;
			hasScannedForEncodings = 0;
			knownRegions = (
				en,
				Base,
			);
			mainGroup = DAE11F0D1E811569002BDEF9;
			productRefGroup = DAE11F171E811569002BDEF9 /* Products */;
			projectDirPath = "";
			projectRoot = "";
			targets = (
				DAE11F151E811569002BDEF9 /* WHCTabBarController */,
				DAE11F2E1E81156A002BDEF9 /* WHCTabBarControllerTests */,
				DAE11F391E81156A002BDEF9 /* WHCTabBarControllerUITests */,
			);
		};
/* End PBXProject section */

/* Begin PBXResourcesBuildPhase section */
		DAE11F141E811569002BDEF9 /* Resources */ = {
			isa = PBXResourcesBuildPhase;
			buildActionMask = 2147483647;
			files = (
				DAE11F291E81156A002BDEF9 /* LaunchScreen.storyboard in Resources */,
				DAE11F601E811695002BDEF9 /* Images.xcassets in Resources */,
				DA071AD21E95CEF300295AEC /* 自定义tabBar并modal出半透明的控制器的view.gif in Resources */,
				DAE11F5D1E81165D002BDEF9 /* myCenter.png in Resources */,
				DAE11F5E1E81165D002BDEF9 /* home.png in Resources */,
				DAE11F551E8115F6002BDEF9 /* LiveViewController.xib in Resources */,
				DAE11F501E8115DE002BDEF9 /* HomeViewController.xib in Resources */,
				DAE11F5A1E811613002BDEF9 /* MYCenterViewController.xib in Resources */,
			);
			runOnlyForDeploymentPostprocessing = 0;
		};
		DAE11F2D1E81156A002BDEF9 /* Resources */ = {
			isa = PBXResourcesBuildPhase;
			buildActionMask = 2147483647;
			files = (
			);
			runOnlyForDeploymentPostprocessing = 0;
		};
		DAE11F381E81156A002BDEF9 /* Resources */ = {
			isa = PBXResourcesBuildPhase;
			buildActionMask = 2147483647;
			files = (
			);
			runOnlyForDeploymentPostprocessing = 0;
		};
/* End PBXResourcesBuildPhase section */

/* Begin PBXSourcesBuildPhase section */
		DAE11F121E811569002BDEF9 /* Sources */ = {
			isa = PBXSourcesBuildPhase;
			buildActionMask = 2147483647;
			files = (
				DAE11F6A1E811AB4002BDEF9 /* CustomTabBarItemButton.m in Sources */,
				DAE11F671E811A3D002BDEF9 /* CustomTabBar.m in Sources */,
				DAE11F541E8115F6002BDEF9 /* LiveViewController.m in Sources */,
				DAE11F211E81156A002BDEF9 /* MyTabBarViewController.m in Sources */,
				DAE11F1E1E811569002BDEF9 /* AppDelegate.m in Sources */,
				DAE11F1B1E811569002BDEF9 /* main.m in Sources */,
				DAE11F4F1E8115DE002BDEF9 /* HomeViewController.m in Sources */,
				DAE11F591E811613002BDEF9 /* MYCenterViewController.m in Sources */,
				DAE11F631E8119C4002BDEF9 /* CALayer+ButtonBorder.m in Sources */,
			);
			runOnlyForDeploymentPostprocessing = 0;
		};
		DAE11F2B1E81156A002BDEF9 /* Sources */ = {
			isa = PBXSourcesBuildPhase;
			buildActionMask = 2147483647;
			files = (
				DAE11F341E81156A002BDEF9 /* WHCTabBarControllerTests.m in Sources */,
			);
			runOnlyForDeploymentPostprocessing = 0;
		};
		DAE11F361E81156A002BDEF9 /* Sources */ = {
			isa = PBXSourcesBuildPhase;
			buildActionMask = 2147483647;
			files = (
				DAE11F3F1E81156A002BDEF9 /* WHCTabBarControllerUITests.m in Sources */,
			);
			runOnlyForDeploymentPostprocessing = 0;
		};
/* End PBXSourcesBuildPhase section */

/* Begin PBXTargetDependency section */
		DAE11F311E81156A002BDEF9 /* PBXTargetDependency */ = {
			isa = PBXTargetDependency;
			target = DAE11F151E811569002BDEF9 /* WHCTabBarController */;
			targetProxy = DAE11F301E81156A002BDEF9 /* PBXContainerItemProxy */;
		};
		DAE11F3C1E81156A002BDEF9 /* PBXTargetDependency */ = {
			isa = PBXTargetDependency;
			target = DAE11F151E811569002BDEF9 /* WHCTabBarController */;
			targetProxy = DAE11F3B1E81156A002BDEF9 /* PBXContainerItemProxy */;
		};
/* End PBXTargetDependency section */

/* Begin PBXVariantGroup section */
		DAE11F271E81156A002BDEF9 /* LaunchScreen.storyboard */ = {
			isa = PBXVariantGroup;
			children = (
				DAE11F281E81156A002BDEF9 /* Base */,
			);
			name = LaunchScreen.storyboard;
			sourceTree = "<group>";
		};
/* End PBXVariantGroup section */

/* Begin XCBuildConfiguration section */
		DAE11F411E81156A002BDEF9 /* Debug */ = {
			isa = XCBuildConfiguration;
			buildSettings = {
				ALWAYS_SEARCH_USER_PATHS = NO;
				CLANG_ANALYZER_NONNULL = YES;
				CLANG_CXX_LANGUAGE_STANDARD = "gnu++0x";
				CLANG_CXX_LIBRARY = "libc++";
				CLANG_ENABLE_MODULES = YES;
				CLANG_ENABLE_OBJC_ARC = YES;
				CLANG_WARN_BOOL_CONVERSION = YES;
				CLANG_WARN_CONSTANT_CONVERSION = YES;
				CLANG_WARN_DIRECT_OBJC_ISA_USAGE = YES_ERROR;
				CLANG_WARN_DOCUMENTATION_COMMENTS = YES;
				CLANG_WARN_EMPTY_BODY = YES;
				CLANG_WARN_ENUM_CONVERSION = YES;
				CLANG_WARN_INFINITE_RECURSION = YES;
				CLANG_WARN_INT_CONVERSION = YES;
				CLANG_WARN_OBJC_ROOT_CLASS = YES_ERROR;
				CLANG_WARN_SUSPICIOUS_MOVE = YES;
				CLANG_WARN_UNREACHABLE_CODE = YES;
				CLANG_WARN__DUPLICATE_METHOD_MATCH = YES;
				"CODE_SIGN_IDENTITY[sdk=iphoneos*]" = "iPhone Developer";
				COPY_PHASE_STRIP = NO;
				DEBUG_INFORMATION_FORMAT = dwarf;
				ENABLE_STRICT_OBJC_MSGSEND = YES;
				ENABLE_TESTABILITY = YES;
				GCC_C_LANGUAGE_STANDARD = gnu99;
				GCC_DYNAMIC_NO_PIC = NO;
				GCC_NO_COMMON_BLOCKS = YES;
				GCC_OPTIMIZATION_LEVEL = 0;
				GCC_PREPROCESSOR_DEFINITIONS = (
					"DEBUG=1",
					"$(inherited)",
				);
				GCC_WARN_64_TO_32_BIT_CONVERSION = YES;
				GCC_WARN_ABOUT_RETURN_TYPE = YES_ERROR;
				GCC_WARN_UNDECLARED_SELECTOR = YES;
				GCC_WARN_UNINITIALIZED_AUTOS = YES_AGGRESSIVE;
				GCC_WARN_UNUSED_FUNCTION = YES;
				GCC_WARN_UNUSED_VARIABLE = YES;
				IPHONEOS_DEPLOYMENT_TARGET = 10.2;
				MTL_ENABLE_DEBUG_INFO = YES;
				ONLY_ACTIVE_ARCH = YES;
				SDKROOT = iphoneos;
				TARGETED_DEVICE_FAMILY = "1,2";
			};
			name = Debug;
		};
		DAE11F421E81156A002BDEF9 /* Release */ = {
			isa = XCBuildConfiguration;
			buildSettings = {
				ALWAYS_SEARCH_USER_PATHS = NO;
				CLANG_ANALYZER_NONNULL = YES;
				CLANG_CXX_LANGUAGE_STANDARD = "gnu++0x";
				CLANG_CXX_LIBRARY = "libc++";
				CLANG_ENABLE_MODULES = YES;
				CLANG_ENABLE_OBJC_ARC = YES;
				CLANG_WARN_BOOL_CONVERSION = YES;
				CLANG_WARN_CONSTANT_CONVERSION = YES;
				CLANG_WARN_DIRECT_OBJC_ISA_USAGE = YES_ERROR;
				CLANG_WARN_DOCUMENTATION_COMMENTS = YES;
				CLANG_WARN_EMPTY_BODY = YES;
				CLANG_WARN_ENUM_CONVERSION = YES;
				CLANG_WARN_INFINITE_RECURSION = YES;
				CLANG_WARN_INT_CONVERSION = YES;
				CLANG_WARN_OBJC_ROOT_CLASS = YES_ERROR;
				CLANG_WARN_SUSPICIOUS_MOVE = YES;
				CLANG_WARN_UNREACHABLE_CODE = YES;
				CLANG_WARN__DUPLICATE_METHOD_MATCH = YES;
				"CODE_SIGN_IDENTITY[sdk=iphoneos*]" = "iPhone Developer";
				COPY_PHASE_STRIP = NO;
				DEBUG_INFORMATION_FORMAT = "dwarf-with-dsym";
				ENABLE_NS_ASSERTIONS = NO;
				ENABLE_STRICT_OBJC_MSGSEND = YES;
				GCC_C_LANGUAGE_STANDARD = gnu99;
				GCC_NO_COMMON_BLOCKS = YES;
				GCC_WARN_64_TO_32_BIT_CONVERSION = YES;
				GCC_WARN_ABOUT_RETURN_TYPE = YES_ERROR;
				GCC_WARN_UNDECLARED_SELECTOR = YES;
				GCC_WARN_UNINITIALIZED_AUTOS = YES_AGGRESSIVE;
				GCC_WARN_UNUSED_FUNCTION = YES;
				GCC_WARN_UNUSED_VARIABLE = YES;
				IPHONEOS_DEPLOYMENT_TARGET = 10.2;
				MTL_ENABLE_DEBUG_INFO = NO;
				SDKROOT = iphoneos;
				TARGETED_DEVICE_FAMILY = "1,2";
				VALIDATE_PRODUCT = YES;
			};
			name = Release;
		};
		DAE11F441E81156A002BDEF9 /* Debug */ = {
			isa = XCBuildConfiguration;
			buildSettings = {
				ASSETCATALOG_COMPILER_APPICON_NAME = AppIcon;
				DEVELOPMENT_TEAM = 6365DA2KWN;
				INFOPLIST_FILE = WHCTabBarController/Info.plist;
				LD_RUNPATH_SEARCH_PATHS = "$(inherited) @executable_path/Frameworks";
				PRODUCT_BUNDLE_IDENTIFIER = com.PicVision.WHCTabBarController;
				PRODUCT_NAME = "$(TARGET_NAME)";
			};
			name = Debug;
		};
		DAE11F451E81156A002BDEF9 /* Release */ = {
			isa = XCBuildConfiguration;
			buildSettings = {
				ASSETCATALOG_COMPILER_APPICON_NAME = AppIcon;
				DEVELOPMENT_TEAM = 6365DA2KWN;
				INFOPLIST_FILE = WHCTabBarController/Info.plist;
				LD_RUNPATH_SEARCH_PATHS = "$(inherited) @executable_path/Frameworks";
				PRODUCT_BUNDLE_IDENTIFIER = com.PicVision.WHCTabBarController;
				PRODUCT_NAME = "$(TARGET_NAME)";
			};
			name = Release;
		};
		DAE11F471E81156A002BDEF9 /* Debug */ = {
			isa = XCBuildConfiguration;
			buildSettings = {
				BUNDLE_LOADER = "$(TEST_HOST)";
				DEVELOPMENT_TEAM = 6365DA2KWN;
				INFOPLIST_FILE = WHCTabBarControllerTests/Info.plist;
				LD_RUNPATH_SEARCH_PATHS = "$(inherited) @executable_path/Frameworks @loader_path/Frameworks";
				PRODUCT_BUNDLE_IDENTIFIER = com.PicVision.WHCTabBarControllerTests;
				PRODUCT_NAME = "$(TARGET_NAME)";
				TEST_HOST = "$(BUILT_PRODUCTS_DIR)/WHCTabBarController.app/WHCTabBarController";
			};
			name = Debug;
		};
		DAE11F481E81156A002BDEF9 /* Release */ = {
			isa = XCBuildConfiguration;
			buildSettings = {
				BUNDLE_LOADER = "$(TEST_HOST)";
				DEVELOPMENT_TEAM = 6365DA2KWN;
				INFOPLIST_FILE = WHCTabBarControllerTests/Info.plist;
				LD_RUNPATH_SEARCH_PATHS = "$(inherited) @executable_path/Frameworks @loader_path/Frameworks";
				PRODUCT_BUNDLE_IDENTIFIER = com.PicVision.WHCTabBarControllerTests;
				PRODUCT_NAME = "$(TARGET_NAME)";
				TEST_HOST = "$(BUILT_PRODUCTS_DIR)/WHCTabBarController.app/WHCTabBarController";
			};
			name = Release;
		};
		DAE11F4A1E81156A002BDEF9 /* Debug */ = {
			isa = XCBuildConfiguration;
			buildSettings = {
				DEVELOPMENT_TEAM = 6365DA2KWN;
				INFOPLIST_FILE = WHCTabBarControllerUITests/Info.plist;
				LD_RUNPATH_SEARCH_PATHS = "$(inherited) @executable_path/Frameworks @loader_path/Frameworks";
				PRODUCT_BUNDLE_IDENTIFIER = com.PicVision.WHCTabBarControllerUITests;
				PRODUCT_NAME = "$(TARGET_NAME)";
				TEST_TARGET_NAME = WHCTabBarController;
			};
			name = Debug;
		};
		DAE11F4B1E81156A002BDEF9 /* Release */ = {
			isa = XCBuildConfiguration;
			buildSettings = {
				DEVELOPMENT_TEAM = 6365DA2KWN;
				INFOPLIST_FILE = WHCTabBarControllerUITests/Info.plist;
				LD_RUNPATH_SEARCH_PATHS = "$(inherited) @executable_path/Frameworks @loader_path/Frameworks";
				PRODUCT_BUNDLE_IDENTIFIER = com.PicVision.WHCTabBarControllerUITests;
				PRODUCT_NAME = "$(TARGET_NAME)";
				TEST_TARGET_NAME = WHCTabBarController;
			};
			name = Release;
		};
/* End XCBuildConfiguration section */

/* Begin XCConfigurationList section */
		DAE11F111E811569002BDEF9 /* Build configuration list for PBXProject "WHCTabBarController" */ = {
			isa = XCConfigurationList;
			buildConfigurations = (
				DAE11F411E81156A002BDEF9 /* Debug */,
				DAE11F421E81156A002BDEF9 /* Release */,
			);
			defaultConfigurationIsVisible = 0;
			defaultConfigurationName = Release;
		};
		DAE11F431E81156A002BDEF9 /* Build configuration list for PBXNativeTarget "WHCTabBarController" */ = {
			isa = XCConfigurationList;
			buildConfigurations = (
				DAE11F441E81156A002BDEF9 /* Debug */,
				DAE11F451E81156A002BDEF9 /* Release */,
			);
			defaultConfigurationIsVisible = 0;
			defaultConfigurationName = Release;
		};
		DAE11F461E81156A002BDEF9 /* Build configuration list for PBXNativeTarget "WHCTabBarControllerTests" */ = {
			isa = XCConfigurationList;
			buildConfigurations = (
				DAE11F471E81156A002BDEF9 /* Debug */,
				DAE11F481E81156A002BDEF9 /* Release */,
			);
			defaultConfigurationIsVisible = 0;
			defaultConfigurationName = Release;
		};
		DAE11F491E81156A002BDEF9 /* Build configuration list for PBXNativeTarget "WHCTabBarControllerUITests" */ = {
			isa = XCConfigurationList;
			buildConfigurations = (
				DAE11F4A1E81156A002BDEF9 /* Debug */,
				DAE11F4B1E81156A002BDEF9 /* Release */,
			);
			defaultConfigurationIsVisible = 0;
			defaultConfigurationName = Release;
		};
/* End XCConfigurationList section */
	};
	rootObject = DAE11F0E1E811569002BDEF9 /* Project object */;
}
